
Microsoft Visual Studio Solution File, Format Version 12.00
# Visual Studio Version 16
VisualStudioVersion = 16.0.30503.244
MinimumVisualStudioVersion = 10.0.40219.1
Project("{FAE04EC0-301F-11D3-BF4B-00C04F79EFBC}") = "Bootstrap", "Bootstrap.csproj", "{35F2C278-4B93-4AE8-9092-C7E30707BD92}"
EndProject
Global
	GlobalSection(SolutionConfigurationPlatforms) = preSolution
		Debug|Any CPU = Debug|Any CPU
		Release|Any CPU = Release|Any CPU
	EndGlobalSection
	GlobalSection(ProjectConfigurationPlatforms) = postSolution
		{35F2C278-4B93-4AE8-9092-C7E30707BD92}.Debug|Any CPU.ActiveCfg = Debug|Any CPU
		{35F2C278-4B93-4AE8-9092-C7E30707BD92}.Debug|Any CPU.Build.0 = Debug|Any CPU
		{35F2C278-4B93-4AE8-9092-C7E30707BD92}.Release|Any CPU.ActiveCfg = Release|Any CPU
		{35F2C278-4B93-4AE8-9092-C7E30707BD92}.Release|Any CPU.Build.0 = Release|Any CPU
	EndGlobalSection
	GlobalSection(SolutionProperties) = preSolution
		HideSolutionNode = FALSE
	EndGlobalSection
	GlobalSection(ExtensibilityGlobals) = postSolution
		SolutionGuid = {3F97065F-5F64-40F6-B7B1-60D59B591F19}
	EndGlobalSection
EndGlobal
